
Microsoft Visual Studio Solution File, Format Version 12.00
# Visual Studio 15
VisualStudioVersion = 15.0.28307.271
MinimumVisualStudioVersion = 10.0.40219.1
Project("{FAE04EC0-301F-11D3-BF4B-00C04F79EFBC}") = "Client", "Client\Client.csproj", "{B72ABB9B-1D2B-4785-8513-CA585847CD03}"
EndProject
Project("{FAE04EC0-301F-11D3-BF4B-00C04F79EFBC}") = "FactoryInvoice", "FactoryInvoice\FactoryInvoice.csproj", "{4919C7AF-5E82-4D92-A705-55CEF805E659}"
EndProject
Project("{FAE04EC0-301F-11D3-BF4B-00C04F79EFBC}") = "Invoice", "Invoice\Invoice.csproj", "{88CDD94B-F49E-4E77-92EC-15DB39AE7C3D}"
EndProject
Project("{FAE04EC0-301F-11D3-BF4B-00C04F79EFBC}") = "InvoiceInterface", "InvoiceInterface\InvoiceInterface.csproj", "{0A4AE473-91DB-4B7C-9FA3-35CE7FD26C34}"
EndProject
Global
	GlobalSection(SolutionConfigurationPlatforms) = preSolution
		Debug|Any CPU = Debug|Any CPU
		Release|Any CPU = Release|Any CPU
	EndGlobalSection
	GlobalSection(ProjectConfigurationPlatforms) = postSolution
		{B72ABB9B-1D2B-4785-8513-CA585847CD03}.Debug|Any CPU.ActiveCfg = Debug|Any CPU
		{B72ABB9B-1D2B-4785-8513-CA585847CD03}.Debug|Any CPU.Build.0 = Debug|Any CPU
		{B72ABB9B-1D2B-4785-8513-CA585847CD03}.Release|Any CPU.ActiveCfg = Release|Any CPU
		{B72ABB9B-1D2B-4785-8513-CA585847CD03}.Release|Any CPU.Build.0 = Release|Any CPU
		{4919C7AF-5E82-4D92-A705-55CEF805E659}.Debug|Any CPU.ActiveCfg = Debug|Any CPU
		{4919C7AF-5E82-4D92-A705-55CEF805E659}.Debug|Any CPU.Build.0 = Debug|Any CPU
		{4919C7AF-5E82-4D92-A705-55CEF805E659}.Release|Any CPU.ActiveCfg = Release|Any CPU
		{4919C7AF-5E82-4D92-A705-55CEF805E659}.Release|Any CPU.Build.0 = Release|Any CPU
		{88CDD94B-F49E-4E77-92EC-15DB39AE7C3D}.Debug|Any CPU.ActiveCfg = Debug|Any CPU
		{88CDD94B-F49E-4E77-92EC-15DB39AE7C3D}.Debug|Any CPU.Build.0 = Debug|Any CPU
		{88CDD94B-F49E-4E77-92EC-15DB39AE7C3D}.Release|Any CPU.ActiveCfg = Release|Any CPU
		{88CDD94B-F49E-4E77-92EC-15DB39AE7C3D}.Release|Any CPU.Build.0 = Release|Any CPU
		{0A4AE473-91DB-4B7C-9FA3-35CE7FD26C34}.Debug|Any CPU.ActiveCfg = Debug|Any CPU
		{0A4AE473-91DB-4B7C-9FA3-35CE7FD26C34}.Debug|Any CPU.Build.0 = Debug|Any CPU
		{0A4AE473-91DB-4B7C-9FA3-35CE7FD26C34}.Release|Any CPU.ActiveCfg = Release|Any CPU
		{0A4AE473-91DB-4B7C-9FA3-35CE7FD26C34}.Release|Any CPU.Build.0 = Release|Any CPU
	EndGlobalSection
	GlobalSection(SolutionProperties) = preSolution
		HideSolutionNode = FALSE
	EndGlobalSection
	GlobalSection(ExtensibilityGlobals) = postSolution
		SolutionGuid = {7217C16E-78E2-4A56-AD1C-70E62BB112C9}
	EndGlobalSection
EndGlobal
